# THIS IS AN AUTOGENERATED FILE. DO NOT EDIT THIS FILE DIRECTLY.
# yarn lockfile v1


"@splinetool/loader@^0.9.506":
  version "0.9.506"
  resolved "https://registry.npmjs.org/@splinetool/loader/-/loader-0.9.506.tgz"
  integrity sha512-aUJ2jGZ85mgPwWyul5Y7PUhriDG73WD18YcakGfHLpRjVE1g34JTNAh3UxpS5U4CWSjyovUFe5vSHQTiPVkjag==
  dependencies:
    semver-compare "^1.0.0"

"@splinetool/runtime@^0.9.506":
  version "0.9.506"
  resolved "https://registry.npmjs.org/@splinetool/runtime/-/runtime-0.9.506.tgz"
  integrity sha512-wJTsdR1OeaAMU/pyZHKp7bgG189Q/8sjszKhGU0Hk6o9DCiACJ2yoj6vS9pCVq2IrbI1NRIYn0GrarItfdp8dQ==
  dependencies:
    on-change "^4.0.0"
    semver-compare "^1.0.0"

on-change@^4.0.0, on-change@^4.0.2:
  version "4.0.2"
  resolved "https://registry.npmjs.org/on-change/-/on-change-4.0.2.tgz"
  integrity sha512-cMtCyuJmTx/bg2HCpHo3ZLeF7FZnBOapLqZHr2AlLeJ5Ul0Zu2mUJJz051Fdwu/Et2YW04ZD+TtU+gVy0ACNCA==

semver-compare@^1.0.0:
  version "1.0.0"
  resolved "https://registry.npmjs.org/semver-compare/-/semver-compare-1.0.0.tgz"
  integrity sha512-YM3/ITh2MJ5MtzaM429anh+x2jiLVjqILF4m4oyQB18W7Ggea7BfqdH/wGMK7dDiMghv/6WG7znWMwUDzJiXow==

three@^0.158.0, three@>=0.133.0:
  version "0.158.0"
  resolved "https://registry.npmjs.org/three/-/three-0.158.0.tgz"
  integrity sha512-TALj4EOpdDPF1henk2Q+s17K61uEAAWQ7TJB68nr7FKxqwyDr3msOt5IWdbGm4TaWKjrtWS8DJJWe9JnvsWOhQ==
